
Microsoft Visual Studio Solution File, Format Version 12.00
# Visual Studio 15
Project("{FAE04EC0-301F-11D3-BF4B-00C04F79EFBC}") = "Slime_RemveVer6_Profiling", "Assembly-CSharp.csproj", "{C9359482-CE4F-B4F3-B128-8C40E2296BE1}"
EndProject
Project("{FAE04EC0-301F-11D3-BF4B-00C04F79EFBC}") = "Slime_RemveVer6_Profiling", "Assembly-CSharp-Editor.csproj", "{D568DA2F-EE68-3367-A99A-CD97819408A3}"
EndProject
Global
	GlobalSection(SolutionConfigurationPlatforms) = preSolution
		Debug|Any CPU = Debug|Any CPU
		Release|Any CPU = Release|Any CPU
	EndGlobalSection
	GlobalSection(ProjectConfigurationPlatforms) = postSolution
		{C9359482-CE4F-B4F3-B128-8C40E2296BE1}.Debug|Any CPU.ActiveCfg = Debug|Any CPU
		{C9359482-CE4F-B4F3-B128-8C40E2296BE1}.Debug|Any CPU.Build.0 = Debug|Any CPU
		{C9359482-CE4F-B4F3-B128-8C40E2296BE1}.Release|Any CPU.ActiveCfg = Release|Any CPU
		{C9359482-CE4F-B4F3-B128-8C40E2296BE1}.Release|Any CPU.Build.0 = Release|Any CPU
		{D568DA2F-EE68-3367-A99A-CD97819408A3}.Debug|Any CPU.ActiveCfg = Debug|Any CPU
		{D568DA2F-EE68-3367-A99A-CD97819408A3}.Debug|Any CPU.Build.0 = Debug|Any CPU
		{D568DA2F-EE68-3367-A99A-CD97819408A3}.Release|Any CPU.ActiveCfg = Release|Any CPU
		{D568DA2F-EE68-3367-A99A-CD97819408A3}.Release|Any CPU.Build.0 = Release|Any CPU
	EndGlobalSection
	GlobalSection(SolutionProperties) = preSolution
		HideSolutionNode = FALSE
	EndGlobalSection
EndGlobal
