
Microsoft Visual Studio Solution File, Format Version 11.00
# Visual Studio 2010
Project("{FAE04EC0-301F-11D3-BF4B-00C04F79EFBC}") = "Slime_RemveVer4", "Assembly-CSharp.csproj", "{E00E2A37-3E98-B148-E50E-A145FB426A71}"
EndProject
Project("{FAE04EC0-301F-11D3-BF4B-00C04F79EFBC}") = "Slime_RemveVer4", "Assembly-CSharp-Editor.csproj", "{0142D350-1CAC-D7FD-6C50-071B7CAF3321}"
EndProject
Global
	GlobalSection(SolutionConfigurationPlatforms) = preSolution
		Debug|Any CPU = Debug|Any CPU
		Release|Any CPU = Release|Any CPU
	EndGlobalSection
	GlobalSection(ProjectConfigurationPlatforms) = postSolution
		{E00E2A37-3E98-B148-E50E-A145FB426A71}.Debug|Any CPU.ActiveCfg = Debug|Any CPU
		{E00E2A37-3E98-B148-E50E-A145FB426A71}.Debug|Any CPU.Build.0 = Debug|Any CPU
		{E00E2A37-3E98-B148-E50E-A145FB426A71}.Release|Any CPU.ActiveCfg = Release|Any CPU
		{E00E2A37-3E98-B148-E50E-A145FB426A71}.Release|Any CPU.Build.0 = Release|Any CPU
		{0142D350-1CAC-D7FD-6C50-071B7CAF3321}.Debug|Any CPU.ActiveCfg = Debug|Any CPU
		{0142D350-1CAC-D7FD-6C50-071B7CAF3321}.Debug|Any CPU.Build.0 = Debug|Any CPU
		{0142D350-1CAC-D7FD-6C50-071B7CAF3321}.Release|Any CPU.ActiveCfg = Release|Any CPU
		{0142D350-1CAC-D7FD-6C50-071B7CAF3321}.Release|Any CPU.Build.0 = Release|Any CPU
	EndGlobalSection
	GlobalSection(SolutionProperties) = preSolution
		HideSolutionNode = FALSE
	EndGlobalSection
	GlobalSection(MonoDevelopProperties) = preSolution
		StartupItem = Assembly-CSharp.csproj
	EndGlobalSection
EndGlobal
