
Microsoft Visual Studio Solution File, Format Version 12.00
# Visual Studio 15
Project("{FAE04EC0-301F-11D3-BF4B-00C04F79EFBC}") = "Slime_RemveVer6", "Assembly-CSharp.csproj", "{B9FA322B-70FB-DE50-83EB-1BAA35D77668}"
EndProject
Project("{FAE04EC0-301F-11D3-BF4B-00C04F79EFBC}") = "Slime_RemveVer6", "Assembly-CSharp-Editor.csproj", "{1BF9C281-9096-6E3B-D325-EDBEE45F9085}"
EndProject
Global
	GlobalSection(SolutionConfigurationPlatforms) = preSolution
		Debug|Any CPU = Debug|Any CPU
		Release|Any CPU = Release|Any CPU
	EndGlobalSection
	GlobalSection(ProjectConfigurationPlatforms) = postSolution
		{B9FA322B-70FB-DE50-83EB-1BAA35D77668}.Debug|Any CPU.ActiveCfg = Debug|Any CPU
		{B9FA322B-70FB-DE50-83EB-1BAA35D77668}.Debug|Any CPU.Build.0 = Debug|Any CPU
		{B9FA322B-70FB-DE50-83EB-1BAA35D77668}.Release|Any CPU.ActiveCfg = Release|Any CPU
		{B9FA322B-70FB-DE50-83EB-1BAA35D77668}.Release|Any CPU.Build.0 = Release|Any CPU
		{1BF9C281-9096-6E3B-D325-EDBEE45F9085}.Debug|Any CPU.ActiveCfg = Debug|Any CPU
		{1BF9C281-9096-6E3B-D325-EDBEE45F9085}.Debug|Any CPU.Build.0 = Debug|Any CPU
		{1BF9C281-9096-6E3B-D325-EDBEE45F9085}.Release|Any CPU.ActiveCfg = Release|Any CPU
		{1BF9C281-9096-6E3B-D325-EDBEE45F9085}.Release|Any CPU.Build.0 = Release|Any CPU
	EndGlobalSection
	GlobalSection(SolutionProperties) = preSolution
		HideSolutionNode = FALSE
	EndGlobalSection
EndGlobal
