
Microsoft Visual Studio Solution File, Format Version 12.00
# Visual Studio 15
Project("{FAE04EC0-301F-11D3-BF4B-00C04F79EFBC}") = "Slime_RemveVer6_Profiling, 공부용 코드주석 다지움", "Assembly-CSharp.csproj", "{FF0C3C8D-DD3D-5CD3-B964-18982D9FAE65}"
EndProject
Project("{FAE04EC0-301F-11D3-BF4B-00C04F79EFBC}") = "Slime_RemveVer6_Profiling, 공부용 코드주석 다지움", "Assembly-CSharp-Editor.csproj", "{BCC26623-CF98-A428-5740-FC6856DCA55D}"
EndProject
Global
	GlobalSection(SolutionConfigurationPlatforms) = preSolution
		Debug|Any CPU = Debug|Any CPU
		Release|Any CPU = Release|Any CPU
	EndGlobalSection
	GlobalSection(ProjectConfigurationPlatforms) = postSolution
		{FF0C3C8D-DD3D-5CD3-B964-18982D9FAE65}.Debug|Any CPU.ActiveCfg = Debug|Any CPU
		{FF0C3C8D-DD3D-5CD3-B964-18982D9FAE65}.Debug|Any CPU.Build.0 = Debug|Any CPU
		{FF0C3C8D-DD3D-5CD3-B964-18982D9FAE65}.Release|Any CPU.ActiveCfg = Release|Any CPU
		{FF0C3C8D-DD3D-5CD3-B964-18982D9FAE65}.Release|Any CPU.Build.0 = Release|Any CPU
		{BCC26623-CF98-A428-5740-FC6856DCA55D}.Debug|Any CPU.ActiveCfg = Debug|Any CPU
		{BCC26623-CF98-A428-5740-FC6856DCA55D}.Debug|Any CPU.Build.0 = Debug|Any CPU
		{BCC26623-CF98-A428-5740-FC6856DCA55D}.Release|Any CPU.ActiveCfg = Release|Any CPU
		{BCC26623-CF98-A428-5740-FC6856DCA55D}.Release|Any CPU.Build.0 = Release|Any CPU
	EndGlobalSection
	GlobalSection(SolutionProperties) = preSolution
		HideSolutionNode = FALSE
	EndGlobalSection
EndGlobal
