
Microsoft Visual Studio Solution File, Format Version 11.00
# Visual Studio 2010
Project("{FAE04EC0-301F-11D3-BF4B-00C04F79EFBC}") = "Slime_RemveVer5", "Assembly-CSharp.csproj", "{0D465DA7-5A82-0242-6E73-177FE2331807}"
EndProject
Project("{FAE04EC0-301F-11D3-BF4B-00C04F79EFBC}") = "Slime_RemveVer5", "Assembly-CSharp-Editor.csproj", "{B373DC04-DD14-3A6C-0F01-508D19AF3740}"
EndProject
Global
	GlobalSection(SolutionConfigurationPlatforms) = preSolution
		Debug|Any CPU = Debug|Any CPU
		Release|Any CPU = Release|Any CPU
	EndGlobalSection
	GlobalSection(ProjectConfigurationPlatforms) = postSolution
		{0D465DA7-5A82-0242-6E73-177FE2331807}.Debug|Any CPU.ActiveCfg = Debug|Any CPU
		{0D465DA7-5A82-0242-6E73-177FE2331807}.Debug|Any CPU.Build.0 = Debug|Any CPU
		{0D465DA7-5A82-0242-6E73-177FE2331807}.Release|Any CPU.ActiveCfg = Release|Any CPU
		{0D465DA7-5A82-0242-6E73-177FE2331807}.Release|Any CPU.Build.0 = Release|Any CPU
		{B373DC04-DD14-3A6C-0F01-508D19AF3740}.Debug|Any CPU.ActiveCfg = Debug|Any CPU
		{B373DC04-DD14-3A6C-0F01-508D19AF3740}.Debug|Any CPU.Build.0 = Debug|Any CPU
		{B373DC04-DD14-3A6C-0F01-508D19AF3740}.Release|Any CPU.ActiveCfg = Release|Any CPU
		{B373DC04-DD14-3A6C-0F01-508D19AF3740}.Release|Any CPU.Build.0 = Release|Any CPU
	EndGlobalSection
	GlobalSection(SolutionProperties) = preSolution
		HideSolutionNode = FALSE
	EndGlobalSection
	GlobalSection(MonoDevelopProperties) = preSolution
		StartupItem = Assembly-CSharp.csproj
	EndGlobalSection
EndGlobal
